
Microsoft Visual Studio Solution File, Format Version 12.00
# Visual Studio Version 17
VisualStudioVersion = 17.2.32616.157
MinimumVisualStudioVersion = 10.0.40219.1
Project("{9A19103F-16F7-4668-BE54-9A1E7A4F7556}") = "Homework", "Homework\Homework.csproj", "{5C55C64A-E81A-4123-8901-66E47DA132B6}"
EndProject
Global
	GlobalSection(SolutionConfigurationPlatforms) = preSolution
		Debug|Any CPU = Debug|Any CPU
		Release|Any CPU = Release|Any CPU
	EndGlobalSection
	GlobalSection(ProjectConfigurationPlatforms) = postSolution
		{5C55C64A-E81A-4123-8901-66E47DA132B6}.Debug|Any CPU.ActiveCfg = Debug|Any CPU
		{5C55C64A-E81A-4123-8901-66E47DA132B6}.Debug|Any CPU.Build.0 = Debug|Any CPU
		{5C55C64A-E81A-4123-8901-66E47DA132B6}.Release|Any CPU.ActiveCfg = Release|Any CPU
		{5C55C64A-E81A-4123-8901-66E47DA132B6}.Release|Any CPU.Build.0 = Release|Any CPU
	EndGlobalSection
	GlobalSection(SolutionProperties) = preSolution
		HideSolutionNode = FALSE
	EndGlobalSection
	GlobalSection(ExtensibilityGlobals) = postSolution
		SolutionGuid = {41C7672E-5BFB-497F-B6D9-D07BFBF5D85C}
	EndGlobalSection
EndGlobal
